
Microsoft Visual Studio Solution File, Format Version 12.00
# Visual Studio Version 16
VisualStudioVersion = 16.0.31205.134
MinimumVisualStudioVersion = 10.0.40219.1
Project("{FAE04EC0-301F-11D3-BF4B-00C04F79EFBC}") = "Configuration1.0", "Configuration1.0\Configuration1.0.csproj", "{1A7F05E6-78B0-4877-B429-64468631DE7D}"
EndProject
Global
	GlobalSection(SolutionConfigurationPlatforms) = preSolution
		Debug|Any CPU = Debug|Any CPU
		Release|Any CPU = Release|Any CPU
	EndGlobalSection
	GlobalSection(ProjectConfigurationPlatforms) = postSolution
		{1A7F05E6-78B0-4877-B429-64468631DE7D}.Debug|Any CPU.ActiveCfg = Debug|Any CPU
		{1A7F05E6-78B0-4877-B429-64468631DE7D}.Debug|Any CPU.Build.0 = Debug|Any CPU
		{1A7F05E6-78B0-4877-B429-64468631DE7D}.Release|Any CPU.ActiveCfg = Release|Any CPU
		{1A7F05E6-78B0-4877-B429-64468631DE7D}.Release|Any CPU.Build.0 = Release|Any CPU
	EndGlobalSection
	GlobalSection(SolutionProperties) = preSolution
		HideSolutionNode = FALSE
	EndGlobalSection
	GlobalSection(ExtensibilityGlobals) = postSolution
		SolutionGuid = {55102CB3-AF88-486F-883A-D8020315B76C}
	EndGlobalSection
EndGlobal
